
Microsoft Visual Studio Solution File, Format Version 12.00
# Visual Studio Version 17
VisualStudioVersion = 17.11.35219.272
MinimumVisualStudioVersion = 10.0.40219.1
Project("{FAE04EC0-301F-11D3-BF4B-00C04F79EFBC}") = "Elasticsearch.API", "Elasticsearch.API\Elasticsearch.API.csproj", "{DCB3561C-0493-4DC6-AE17-AAA53AAAD2A5}"
EndProject
Global
	GlobalSection(SolutionConfigurationPlatforms) = preSolution
		Debug|Any CPU = Debug|Any CPU
		Release|Any CPU = Release|Any CPU
	EndGlobalSection
	GlobalSection(ProjectConfigurationPlatforms) = postSolution
		{DCB3561C-0493-4DC6-AE17-AAA53AAAD2A5}.Debug|Any CPU.ActiveCfg = Debug|Any CPU
		{DCB3561C-0493-4DC6-AE17-AAA53AAAD2A5}.Debug|Any CPU.Build.0 = Debug|Any CPU
		{DCB3561C-0493-4DC6-AE17-AAA53AAAD2A5}.Release|Any CPU.ActiveCfg = Release|Any CPU
		{DCB3561C-0493-4DC6-AE17-AAA53AAAD2A5}.Release|Any CPU.Build.0 = Release|Any CPU
	EndGlobalSection
	GlobalSection(SolutionProperties) = preSolution
		HideSolutionNode = FALSE
	EndGlobalSection
	GlobalSection(ExtensibilityGlobals) = postSolution
		SolutionGuid = {492EB681-4104-40C2-9986-B145D0AFCACD}
	EndGlobalSection
EndGlobal
